// !$*UTF8*$!
{
	archiveVersion = 1;
	classes = {
	};
	objectVersion = 50;
	objects = {

/* Begin PBXAggregateTarget section */
		0BE876892484DCD40000B569 /* O2SPushKit_CreatePackage */ = {
			isa = PBXAggregateTarget;
			buildConfigurationList = 0BE8768A2484DCD40000B569 /* Build configuration list for PBXAggregateTarget "O2SPushKit_CreatePackage" */;
			buildPhases = (
				0BE8768D2484DCE30000B569 /* ShellScript */,
			);
			dependencies = (
			);
			name = O2SPushKit_CreatePackage;
			productName = O2SPushKit_CreatePackage;
		};
/* End PBXAggregateTarget section */

/* Begin PBXBuildFile section */
		0B340ABD24890433002BB394 /* O2SPushNotificationCategory.h in Headers */ = {isa = PBXBuildFile; fileRef = 0B340ABB24890433002BB394 /* O2SPushNotificationCategory.h */; settings = {ATTRIBUTES = (Public, ); }; };
		0B340ABE24890433002BB394 /* O2SPushNotificationCategory.m in Sources */ = {isa = PBXBuildFile; fileRef = 0B340ABC24890433002BB394 /* O2SPushNotificationCategory.m */; };
		0B340AC024892B33002BB394 /* O2SPushNotificationCategory+Private.h in Headers */ = {isa = PBXBuildFile; fileRef = 0B340ABF24892B33002BB394 /* O2SPushNotificationCategory+Private.h */; };
		0B340AC22489E5FA002BB394 /* O2SPushNotificationConfiguration+Private.h in Headers */ = {isa = PBXBuildFile; fileRef = 0B340AC12489E5FA002BB394 /* O2SPushNotificationConfiguration+Private.h */; };
		0BE8761E247FCAD70000B569 /* O2SPushKit.h in Headers */ = {isa = PBXBuildFile; fileRef = 0BE8761C247FCAD70000B569 /* O2SPushKit.h */; settings = {ATTRIBUTES = (Public, ); }; };
		0BE8763B2480E21E0000B569 /* O2SPushCenter.h in Headers */ = {isa = PBXBuildFile; fileRef = 0BE876392480E21E0000B569 /* O2SPushCenter.h */; settings = {ATTRIBUTES = (Public, ); }; };
		0BE8763C2480E21E0000B569 /* O2SPushCenter.m in Sources */ = {isa = PBXBuildFile; fileRef = 0BE8763A2480E21E0000B569 /* O2SPushCenter.m */; settings = {ATTRIBUTES = (Public, ); }; };
		0BE876462480E3AA0000B569 /* O2SPushContext.h in Headers */ = {isa = PBXBuildFile; fileRef = 0BE876422480E3AA0000B569 /* O2SPushContext.h */; };
		0BE876472480E3AA0000B569 /* O2SPushContext.m in Sources */ = {isa = PBXBuildFile; fileRef = 0BE876432480E3AA0000B569 /* O2SPushContext.m */; };
		0BE8764E2480F1EF0000B569 /* O2SPushNotificationRequest.h in Headers */ = {isa = PBXBuildFile; fileRef = 0BE8764C2480F1EF0000B569 /* O2SPushNotificationRequest.h */; settings = {ATTRIBUTES = (Public, ); }; };
		0BE8764F2480F1EF0000B569 /* O2SPushNotificationRequest.m in Sources */ = {isa = PBXBuildFile; fileRef = 0BE8764D2480F1EF0000B569 /* O2SPushNotificationRequest.m */; };
		0BE8765A248104A20000B569 /* O2SPushNotificationMessage.h in Headers */ = {isa = PBXBuildFile; fileRef = 0BE87658248104A20000B569 /* O2SPushNotificationMessage.h */; settings = {ATTRIBUTES = (Public, ); }; };
		0BE8765B248104A20000B569 /* O2SPushNotificationMessage.m in Sources */ = {isa = PBXBuildFile; fileRef = 0BE87659248104A20000B569 /* O2SPushNotificationMessage.m */; };
		0BE8766224810B320000B569 /* O2SPushDevice.h in Headers */ = {isa = PBXBuildFile; fileRef = 0BE8766024810B320000B569 /* O2SPushDevice.h */; };
		0BE8766324810B320000B569 /* O2SPushDevice.m in Sources */ = {isa = PBXBuildFile; fileRef = 0BE8766124810B320000B569 /* O2SPushDevice.m */; };
		0BE8766624810D250000B569 /* O2SPushNotificationContent.h in Headers */ = {isa = PBXBuildFile; fileRef = 0BE8766424810D250000B569 /* O2SPushNotificationContent.h */; settings = {ATTRIBUTES = (Public, ); }; };
		0BE8766724810D250000B569 /* O2SPushNotificationContent.m in Sources */ = {isa = PBXBuildFile; fileRef = 0BE8766524810D250000B569 /* O2SPushNotificationContent.m */; };
		0BE8766924810DD50000B569 /* O2SPushNotificationContent+Private.h in Headers */ = {isa = PBXBuildFile; fileRef = 0BE8766824810DD50000B569 /* O2SPushNotificationContent+Private.h */; };
		0BE8767F24827E9A0000B569 /* O2SPushContext+HookService.h in Headers */ = {isa = PBXBuildFile; fileRef = 0BE8767D24827E9A0000B569 /* O2SPushContext+HookService.h */; };
		0BE8768024827E9A0000B569 /* O2SPushContext+HookService.mm in Sources */ = {isa = PBXBuildFile; fileRef = 0BE8767E24827E9A0000B569 /* O2SPushContext+HookService.mm */; };
		0BE8768324827EC80000B569 /* UIApplication+O2SPush.h in Headers */ = {isa = PBXBuildFile; fileRef = 0BE8768124827EC80000B569 /* UIApplication+O2SPush.h */; };
		0BE8768424827EC80000B569 /* UIApplication+O2SPush.m in Sources */ = {isa = PBXBuildFile; fileRef = 0BE8768224827EC80000B569 /* UIApplication+O2SPush.m */; };
		0BE876872482A1690000B569 /* O2SPushContext+Other.h in Headers */ = {isa = PBXBuildFile; fileRef = 0BE876852482A1690000B569 /* O2SPushContext+Other.h */; };
		0BE876882482A1690000B569 /* O2SPushContext+Other.m in Sources */ = {isa = PBXBuildFile; fileRef = 0BE876862482A1690000B569 /* O2SPushContext+Other.m */; };
		0BE876BB2484E9D80000B569 /* libc++.tbd in Frameworks */ = {isa = PBXBuildFile; fileRef = 0BE876BA2484E9D80000B569 /* libc++.tbd */; };
		0BE876C0248642CE0000B569 /* O2SPushHookTool.h in Headers */ = {isa = PBXBuildFile; fileRef = 0BE876BE248642CE0000B569 /* O2SPushHookTool.h */; };
		0BE876C1248642CE0000B569 /* O2SPushHookTool.m in Sources */ = {isa = PBXBuildFile; fileRef = 0BE876BF248642CE0000B569 /* O2SPushHookTool.m */; };
		0BE876C424864C610000B569 /* O2SPushNotificationMessage+Private.h in Headers */ = {isa = PBXBuildFile; fileRef = 0BE876C224864C610000B569 /* O2SPushNotificationMessage+Private.h */; };
/* End PBXBuildFile section */

/* Begin PBXFileReference section */
		0B340ABB24890433002BB394 /* O2SPushNotificationCategory.h */ = {isa = PBXFileReference; lastKnownFileType = sourcecode.c.h; path = O2SPushNotificationCategory.h; sourceTree = "<group>"; };
		0B340ABC24890433002BB394 /* O2SPushNotificationCategory.m */ = {isa = PBXFileReference; lastKnownFileType = sourcecode.c.objc; path = O2SPushNotificationCategory.m; sourceTree = "<group>"; };
		0B340ABF24892B33002BB394 /* O2SPushNotificationCategory+Private.h */ = {isa = PBXFileReference; lastKnownFileType = sourcecode.c.h; path = "O2SPushNotificationCategory+Private.h"; sourceTree = "<group>"; };
		0B340AC12489E5FA002BB394 /* O2SPushNotificationConfiguration+Private.h */ = {isa = PBXFileReference; lastKnownFileType = sourcecode.c.h; path = "O2SPushNotificationConfiguration+Private.h"; sourceTree = "<group>"; };
		0BE87619247FCAD70000B569 /* O2SPushKit.framework */ = {isa = PBXFileReference; explicitFileType = wrapper.framework; includeInIndex = 0; path = O2SPushKit.framework; sourceTree = BUILT_PRODUCTS_DIR; };
		0BE8761C247FCAD70000B569 /* O2SPushKit.h */ = {isa = PBXFileReference; lastKnownFileType = sourcecode.c.h; path = O2SPushKit.h; sourceTree = "<group>"; };
		0BE8761D247FCAD70000B569 /* Info.plist */ = {isa = PBXFileReference; lastKnownFileType = text.plist.xml; path = Info.plist; sourceTree = "<group>"; };
		0BE876392480E21E0000B569 /* O2SPushCenter.h */ = {isa = PBXFileReference; lastKnownFileType = sourcecode.c.h; path = O2SPushCenter.h; sourceTree = "<group>"; };
		0BE8763A2480E21E0000B569 /* O2SPushCenter.m */ = {isa = PBXFileReference; lastKnownFileType = sourcecode.c.objc; path = O2SPushCenter.m; sourceTree = "<group>"; };
		0BE876422480E3AA0000B569 /* O2SPushContext.h */ = {isa = PBXFileReference; fileEncoding = 4; lastKnownFileType = sourcecode.c.h; path = O2SPushContext.h; sourceTree = "<group>"; };
		0BE876432480E3AA0000B569 /* O2SPushContext.m */ = {isa = PBXFileReference; fileEncoding = 4; lastKnownFileType = sourcecode.c.objc; path = O2SPushContext.m; sourceTree = "<group>"; };
		0BE8764C2480F1EF0000B569 /* O2SPushNotificationRequest.h */ = {isa = PBXFileReference; lastKnownFileType = sourcecode.c.h; path = O2SPushNotificationRequest.h; sourceTree = "<group>"; };
		0BE8764D2480F1EF0000B569 /* O2SPushNotificationRequest.m */ = {isa = PBXFileReference; lastKnownFileType = sourcecode.c.objc; path = O2SPushNotificationRequest.m; sourceTree = "<group>"; };
		0BE87658248104A20000B569 /* O2SPushNotificationMessage.h */ = {isa = PBXFileReference; lastKnownFileType = sourcecode.c.h; path = O2SPushNotificationMessage.h; sourceTree = "<group>"; };
		0BE87659248104A20000B569 /* O2SPushNotificationMessage.m */ = {isa = PBXFileReference; lastKnownFileType = sourcecode.c.objc; path = O2SPushNotificationMessage.m; sourceTree = "<group>"; };
		0BE8766024810B320000B569 /* O2SPushDevice.h */ = {isa = PBXFileReference; lastKnownFileType = sourcecode.c.h; path = O2SPushDevice.h; sourceTree = "<group>"; };
		0BE8766124810B320000B569 /* O2SPushDevice.m */ = {isa = PBXFileReference; lastKnownFileType = sourcecode.c.objc; path = O2SPushDevice.m; sourceTree = "<group>"; };
		0BE8766424810D250000B569 /* O2SPushNotificationContent.h */ = {isa = PBXFileReference; lastKnownFileType = sourcecode.c.h; path = O2SPushNotificationContent.h; sourceTree = "<group>"; };
		0BE8766524810D250000B569 /* O2SPushNotificationContent.m */ = {isa = PBXFileReference; lastKnownFileType = sourcecode.c.objc; path = O2SPushNotificationContent.m; sourceTree = "<group>"; };
		0BE8766824810DD50000B569 /* O2SPushNotificationContent+Private.h */ = {isa = PBXFileReference; lastKnownFileType = sourcecode.c.h; path = "O2SPushNotificationContent+Private.h"; sourceTree = "<group>"; };
		0BE8766A248145320000B569 /* O2SPushPrefixHeader.pch */ = {isa = PBXFileReference; lastKnownFileType = sourcecode.c.h; path = O2SPushPrefixHeader.pch; sourceTree = "<group>"; };
		0BE8767D24827E9A0000B569 /* O2SPushContext+HookService.h */ = {isa = PBXFileReference; lastKnownFileType = sourcecode.c.h; path = "O2SPushContext+HookService.h"; sourceTree = "<group>"; };
		0BE8767E24827E9A0000B569 /* O2SPushContext+HookService.mm */ = {isa = PBXFileReference; lastKnownFileType = sourcecode.cpp.objcpp; path = "O2SPushContext+HookService.mm"; sourceTree = "<group>"; };
		0BE8768124827EC80000B569 /* UIApplication+O2SPush.h */ = {isa = PBXFileReference; lastKnownFileType = sourcecode.c.h; path = "UIApplication+O2SPush.h"; sourceTree = "<group>"; };
		0BE8768224827EC80000B569 /* UIApplication+O2SPush.m */ = {isa = PBXFileReference; lastKnownFileType = sourcecode.c.objc; path = "UIApplication+O2SPush.m"; sourceTree = "<group>"; };
		0BE876852482A1690000B569 /* O2SPushContext+Other.h */ = {isa = PBXFileReference; lastKnownFileType = sourcecode.c.h; path = "O2SPushContext+Other.h"; sourceTree = "<group>"; };
		0BE876862482A1690000B569 /* O2SPushContext+Other.m */ = {isa = PBXFileReference; lastKnownFileType = sourcecode.c.objc; path = "O2SPushContext+Other.m"; sourceTree = "<group>"; };
		0BE876BA2484E9D80000B569 /* libc++.tbd */ = {isa = PBXFileReference; lastKnownFileType = "sourcecode.text-based-dylib-definition"; name = "libc++.tbd"; path = "Platforms/MacOSX.platform/Developer/SDKs/MacOSX10.15.sdk/usr/lib/libc++.tbd"; sourceTree = DEVELOPER_DIR; };
		0BE876BE248642CE0000B569 /* O2SPushHookTool.h */ = {isa = PBXFileReference; lastKnownFileType = sourcecode.c.h; path = O2SPushHookTool.h; sourceTree = "<group>"; };
		0BE876BF248642CE0000B569 /* O2SPushHookTool.m */ = {isa = PBXFileReference; lastKnownFileType = sourcecode.c.objc; path = O2SPushHookTool.m; sourceTree = "<group>"; };
		0BE876C224864C610000B569 /* O2SPushNotificationMessage+Private.h */ = {isa = PBXFileReference; lastKnownFileType = sourcecode.c.h; path = "O2SPushNotificationMessage+Private.h"; sourceTree = "<group>"; };
/* End PBXFileReference section */

/* Begin PBXFrameworksBuildPhase section */
		0BE87616247FCAD70000B569 /* Frameworks */ = {
			isa = PBXFrameworksBuildPhase;
			buildActionMask = 2147483647;
			files = (
				0BE876BB2484E9D80000B569 /* libc++.tbd in Frameworks */,
			);
			runOnlyForDeploymentPostprocessing = 0;
		};
/* End PBXFrameworksBuildPhase section */

/* Begin PBXGroup section */
		0BE8760F247FCAD70000B569 = {
			isa = PBXGroup;
			children = (
				0BE8761B247FCAD70000B569 /* O2SPushKit */,
				0BE8761A247FCAD70000B569 /* Products */,
				0BE876B92484E9D80000B569 /* Frameworks */,
			);
			sourceTree = "<group>";
		};
		0BE8761A247FCAD70000B569 /* Products */ = {
			isa = PBXGroup;
			children = (
				0BE87619247FCAD70000B569 /* O2SPushKit.framework */,
			);
			name = Products;
			sourceTree = "<group>";
		};
		0BE8761B247FCAD70000B569 /* O2SPushKit */ = {
			isa = PBXGroup;
			children = (
				0BE8761C247FCAD70000B569 /* O2SPushKit.h */,
				0BE876392480E21E0000B569 /* O2SPushCenter.h */,
				0BE8763A2480E21E0000B569 /* O2SPushCenter.m */,
				0B340AC12489E5FA002BB394 /* O2SPushNotificationConfiguration+Private.h */,
				0BE876412480E3AA0000B569 /* Context */,
				0BE876452480E3AA0000B569 /* Model */,
				0BE876442480E3AA0000B569 /* Utils */,
				0BE8761D247FCAD70000B569 /* Info.plist */,
				0BE8766A248145320000B569 /* O2SPushPrefixHeader.pch */,
			);
			path = O2SPushKit;
			sourceTree = "<group>";
		};
		0BE876412480E3AA0000B569 /* Context */ = {
			isa = PBXGroup;
			children = (
				0BE876422480E3AA0000B569 /* O2SPushContext.h */,
				0BE876432480E3AA0000B569 /* O2SPushContext.m */,
				0BE876852482A1690000B569 /* O2SPushContext+Other.h */,
				0BE876862482A1690000B569 /* O2SPushContext+Other.m */,
				0BE8767D24827E9A0000B569 /* O2SPushContext+HookService.h */,
				0BE8767E24827E9A0000B569 /* O2SPushContext+HookService.mm */,
				0BE8768124827EC80000B569 /* UIApplication+O2SPush.h */,
				0BE8768224827EC80000B569 /* UIApplication+O2SPush.m */,
			);
			path = Context;
			sourceTree = "<group>";
		};
		0BE876442480E3AA0000B569 /* Utils */ = {
			isa = PBXGroup;
			children = (
				0BE8766024810B320000B569 /* O2SPushDevice.h */,
				0BE8766124810B320000B569 /* O2SPushDevice.m */,
				0BE876BE248642CE0000B569 /* O2SPushHookTool.h */,
				0BE876BF248642CE0000B569 /* O2SPushHookTool.m */,
			);
			path = Utils;
			sourceTree = "<group>";
		};
		0BE876452480E3AA0000B569 /* Model */ = {
			isa = PBXGroup;
			children = (
				0BE87658248104A20000B569 /* O2SPushNotificationMessage.h */,
				0BE87659248104A20000B569 /* O2SPushNotificationMessage.m */,
				0BE876C224864C610000B569 /* O2SPushNotificationMessage+Private.h */,
				0BE8764C2480F1EF0000B569 /* O2SPushNotificationRequest.h */,
				0BE8764D2480F1EF0000B569 /* O2SPushNotificationRequest.m */,
				0BE8766424810D250000B569 /* O2SPushNotificationContent.h */,
				0BE8766524810D250000B569 /* O2SPushNotificationContent.m */,
				0BE8766824810DD50000B569 /* O2SPushNotificationContent+Private.h */,
				0B340ABB24890433002BB394 /* O2SPushNotificationCategory.h */,
				0B340ABC24890433002BB394 /* O2SPushNotificationCategory.m */,
				0B340ABF24892B33002BB394 /* O2SPushNotificationCategory+Private.h */,
			);
			path = Model;
			sourceTree = "<group>";
		};
		0BE876B92484E9D80000B569 /* Frameworks */ = {
			isa = PBXGroup;
			children = (
				0BE876BA2484E9D80000B569 /* libc++.tbd */,
			);
			name = Frameworks;
			sourceTree = "<group>";
		};
/* End PBXGroup section */

/* Begin PBXHeadersBuildPhase section */
		0BE87614247FCAD70000B569 /* Headers */ = {
			isa = PBXHeadersBuildPhase;
			buildActionMask = 2147483647;
			files = (
				0BE876462480E3AA0000B569 /* O2SPushContext.h in Headers */,
				0B340ABD24890433002BB394 /* O2SPushNotificationCategory.h in Headers */,
				0BE8764E2480F1EF0000B569 /* O2SPushNotificationRequest.h in Headers */,
				0BE8768324827EC80000B569 /* UIApplication+O2SPush.h in Headers */,
				0BE8765A248104A20000B569 /* O2SPushNotificationMessage.h in Headers */,
				0BE8766624810D250000B569 /* O2SPushNotificationContent.h in Headers */,
				0BE8763B2480E21E0000B569 /* O2SPushCenter.h in Headers */,
				0BE8766224810B320000B569 /* O2SPushDevice.h in Headers */,
				0B340AC024892B33002BB394 /* O2SPushNotificationCategory+Private.h in Headers */,
				0B340AC22489E5FA002BB394 /* O2SPushNotificationConfiguration+Private.h in Headers */,
				0BE8761E247FCAD70000B569 /* O2SPushKit.h in Headers */,
				0BE8767F24827E9A0000B569 /* O2SPushContext+HookService.h in Headers */,
				0BE876C424864C610000B569 /* O2SPushNotificationMessage+Private.h in Headers */,
				0BE876C0248642CE0000B569 /* O2SPushHookTool.h in Headers */,
				0BE876872482A1690000B569 /* O2SPushContext+Other.h in Headers */,
				0BE8766924810DD50000B569 /* O2SPushNotificationContent+Private.h in Headers */,
			);
			runOnlyForDeploymentPostprocessing = 0;
		};
/* End PBXHeadersBuildPhase section */

/* Begin PBXNativeTarget section */
		0BE87618247FCAD70000B569 /* O2SPushKit */ = {
			isa = PBXNativeTarget;
			buildConfigurationList = 0BE87621247FCAD70000B569 /* Build configuration list for PBXNativeTarget "O2SPushKit" */;
			buildPhases = (
				0BE87614247FCAD70000B569 /* Headers */,
				0BE87615247FCAD70000B569 /* Sources */,
				0BE87616247FCAD70000B569 /* Frameworks */,
				0BE87617247FCAD70000B569 /* Resources */,
			);
			buildRules = (
			);
			dependencies = (
			);
			name = O2SPushKit;
			productName = O2SPushKit;
			productReference = 0BE87619247FCAD70000B569 /* O2SPushKit.framework */;
			productType = "com.apple.product-type.framework";
		};
/* End PBXNativeTarget section */

/* Begin PBXProject section */
		0BE87610247FCAD70000B569 /* Project object */ = {
			isa = PBXProject;
			attributes = {
				LastUpgradeCheck = 1130;
				ORGANIZATIONNAME = O2Space;
				TargetAttributes = {
					0BE87618247FCAD70000B569 = {
						CreatedOnToolsVersion = 11.3.1;
					};
					0BE876892484DCD40000B569 = {
						CreatedOnToolsVersion = 11.3.1;
					};
				};
			};
			buildConfigurationList = 0BE87613247FCAD70000B569 /* Build configuration list for PBXProject "O2SPushKit" */;
			compatibilityVersion = "Xcode 9.3";
			developmentRegion = en;
			hasScannedForEncodings = 0;
			knownRegions = (
				en,
				Base,
			);
			mainGroup = 0BE8760F247FCAD70000B569;
			productRefGroup = 0BE8761A247FCAD70000B569 /* Products */;
			projectDirPath = "";
			projectRoot = "";
			targets = (
				0BE87618247FCAD70000B569 /* O2SPushKit */,
				0BE876892484DCD40000B569 /* O2SPushKit_CreatePackage */,
			);
		};
/* End PBXProject section */

/* Begin PBXResourcesBuildPhase section */
		0BE87617247FCAD70000B569 /* Resources */ = {
			isa = PBXResourcesBuildPhase;
			buildActionMask = 2147483647;
			files = (
			);
			runOnlyForDeploymentPostprocessing = 0;
		};
/* End PBXResourcesBuildPhase section */

/* Begin PBXShellScriptBuildPhase section */
		0BE8768D2484DCE30000B569 /* ShellScript */ = {
			isa = PBXShellScriptBuildPhase;
			buildActionMask = 2147483647;
			files = (
			);
			inputFileListPaths = (
			);
			inputPaths = (
			);
			outputFileListPaths = (
			);
			outputPaths = (
			);
			runOnlyForDeploymentPostprocessing = 0;
			shellPath = /bin/sh;
			shellScript = "# Type a script or drag a script file from your workspace to insert its path.\n#!/bin/sh\n\nFMK_NAME=${PROJECT_NAME}\n\nINSTALL_BASE_DIR=${PROJECT_DIR}/../O2SPACE_SDK/O2SPushSDK\nINSTALL_DIR=${INSTALL_BASE_DIR}/${FMK_NAME}.framework\n\n# Working dir will be deleted after the framework creation.\nWRK_DIR=build\nDEVICE_DIR=${WRK_DIR}/Release-iphoneos/${FMK_NAME}.framework\nSIMULATOR_DIR=${WRK_DIR}/Release-iphonesimulator/${FMK_NAME}.framework\n\n# Step 1. Build Device and Simulator versions\n\nxcodebuild -target \"${FMK_NAME}\" clean\n\nxcodebuild -target \"${FMK_NAME}\" -configuration \"Release\" -arch \"arm64\" -arch \"armv7\" -arch \"armv7s\" only_active_arch=no defines_module=yes BITCODE_GENERATION_MODE=bitcode OTHER_CFLAGS=\"-fembed-bitcode\" -sdk \"iphoneos\" build\nxcodebuild -target \"${FMK_NAME}\" -configuration \"Release\" -arch \"x86_64\" -arch \"i386\" only_active_arch=no defines_module=yes BITCODE_GENERATION_MODE=bitcode OTHER_CFLAGS=\"-fembed-bitcode\" -sdk \"iphonesimulator\" build\n\n# Cleaning the oldest.\nif [ -d \"${INSTALL_DIR}\" ]\nthen\nrm -rf \"${INSTALL_DIR}\"\nfi\nmkdir -p \"${INSTALL_DIR}\"\n\ncp -R \"${DEVICE_DIR}/\" \"${INSTALL_DIR}/\"\n\n# swift编写的Framework使用 \n#SIMULATOR_SWIFT_MODULES_DIR=\"${SIMULATOR_DIR}/Modules/${FMK_NAME}.swiftmodule/.\"\n#if [ -d \"${SIMULATOR_SWIFT_MODULES_DIR}\" ]; then\n#cp -R \"${SIMULATOR_SWIFT_MODULES_DIR}\" \"${INSTALL_DIR}/Modules/${FMK_NAME}.swiftmodule\"\n#fi\n\n# Uses the Lipo Tool to merge both binary files into one Universal final product.\nlipo -create \"${DEVICE_DIR}/${FMK_NAME}\" \"${SIMULATOR_DIR}/${FMK_NAME}\" -output \"${INSTALL_DIR}/${FMK_NAME}\"\n\nrm -r \"${WRK_DIR}\"\n";
		};
/* End PBXShellScriptBuildPhase section */

/* Begin PBXSourcesBuildPhase section */
		0BE87615247FCAD70000B569 /* Sources */ = {
			isa = PBXSourcesBuildPhase;
			buildActionMask = 2147483647;
			files = (
				0BE876C1248642CE0000B569 /* O2SPushHookTool.m in Sources */,
				0BE876472480E3AA0000B569 /* O2SPushContext.m in Sources */,
				0BE8765B248104A20000B569 /* O2SPushNotificationMessage.m in Sources */,
				0BE8763C2480E21E0000B569 /* O2SPushCenter.m in Sources */,
				0BE8766724810D250000B569 /* O2SPushNotificationContent.m in Sources */,
				0BE8764F2480F1EF0000B569 /* O2SPushNotificationRequest.m in Sources */,
				0BE8766324810B320000B569 /* O2SPushDevice.m in Sources */,
				0B340ABE24890433002BB394 /* O2SPushNotificationCategory.m in Sources */,
				0BE8768024827E9A0000B569 /* O2SPushContext+HookService.mm in Sources */,
				0BE8768424827EC80000B569 /* UIApplication+O2SPush.m in Sources */,
				0BE876882482A1690000B569 /* O2SPushContext+Other.m in Sources */,
			);
			runOnlyForDeploymentPostprocessing = 0;
		};
/* End PBXSourcesBuildPhase section */

/* Begin XCBuildConfiguration section */
		0BE8761F247FCAD70000B569 /* Debug */ = {
			isa = XCBuildConfiguration;
			buildSettings = {
				ALWAYS_SEARCH_USER_PATHS = NO;
				CLANG_ANALYZER_NONNULL = YES;
				CLANG_ANALYZER_NUMBER_OBJECT_CONVERSION = YES_AGGRESSIVE;
				CLANG_CXX_LANGUAGE_STANDARD = "gnu++14";
				CLANG_CXX_LIBRARY = "libc++";
				CLANG_ENABLE_MODULES = YES;
				CLANG_ENABLE_OBJC_ARC = YES;
				CLANG_ENABLE_OBJC_WEAK = YES;
				CLANG_WARN_BLOCK_CAPTURE_AUTORELEASING = YES;
				CLANG_WARN_BOOL_CONVERSION = YES;
				CLANG_WARN_COMMA = YES;
				CLANG_WARN_CONSTANT_CONVERSION = YES;
				CLANG_WARN_DEPRECATED_OBJC_IMPLEMENTATIONS = YES;
				CLANG_WARN_DIRECT_OBJC_ISA_USAGE = YES_ERROR;
				CLANG_WARN_DOCUMENTATION_COMMENTS = YES;
				CLANG_WARN_EMPTY_BODY = YES;
				CLANG_WARN_ENUM_CONVERSION = YES;
				CLANG_WARN_INFINITE_RECURSION = YES;
				CLANG_WARN_INT_CONVERSION = YES;
				CLANG_WARN_NON_LITERAL_NULL_CONVERSION = YES;
				CLANG_WARN_OBJC_IMPLICIT_RETAIN_SELF = YES;
				CLANG_WARN_OBJC_LITERAL_CONVERSION = YES;
				CLANG_WARN_OBJC_ROOT_CLASS = YES_ERROR;
				CLANG_WARN_RANGE_LOOP_ANALYSIS = YES;
				CLANG_WARN_STRICT_PROTOTYPES = YES;
				CLANG_WARN_SUSPICIOUS_MOVE = YES;
				CLANG_WARN_UNGUARDED_AVAILABILITY = YES_AGGRESSIVE;
				CLANG_WARN_UNREACHABLE_CODE = YES;
				CLANG_WARN__DUPLICATE_METHOD_MATCH = YES;
				COPY_PHASE_STRIP = NO;
				CURRENT_PROJECT_VERSION = 1;
				DEBUG_INFORMATION_FORMAT = dwarf;
				ENABLE_STRICT_OBJC_MSGSEND = YES;
				ENABLE_TESTABILITY = YES;
				GCC_C_LANGUAGE_STANDARD = gnu11;
				GCC_DYNAMIC_NO_PIC = NO;
				GCC_NO_COMMON_BLOCKS = YES;
				GCC_OPTIMIZATION_LEVEL = 0;
				GCC_PREPROCESSOR_DEFINITIONS = (
					"DEBUG=1",
					"$(inherited)",
				);
				GCC_WARN_64_TO_32_BIT_CONVERSION = YES;
				GCC_WARN_ABOUT_RETURN_TYPE = YES_ERROR;
				GCC_WARN_UNDECLARED_SELECTOR = YES;
				GCC_WARN_UNINITIALIZED_AUTOS = YES_AGGRESSIVE;
				GCC_WARN_UNUSED_FUNCTION = YES;
				GCC_WARN_UNUSED_VARIABLE = YES;
				IPHONEOS_DEPLOYMENT_TARGET = 8.0;
				MTL_ENABLE_DEBUG_INFO = INCLUDE_SOURCE;
				MTL_FAST_MATH = YES;
				ONLY_ACTIVE_ARCH = YES;
				SDKROOT = iphoneos;
				VERSIONING_SYSTEM = "apple-generic";
				VERSION_INFO_PREFIX = "";
			};
			name = Debug;
		};
		0BE87620247FCAD70000B569 /* Release */ = {
			isa = XCBuildConfiguration;
			buildSettings = {
				ALWAYS_SEARCH_USER_PATHS = NO;
				CLANG_ANALYZER_NONNULL = YES;
				CLANG_ANALYZER_NUMBER_OBJECT_CONVERSION = YES_AGGRESSIVE;
				CLANG_CXX_LANGUAGE_STANDARD = "gnu++14";
				CLANG_CXX_LIBRARY = "libc++";
				CLANG_ENABLE_MODULES = YES;
				CLANG_ENABLE_OBJC_ARC = YES;
				CLANG_ENABLE_OBJC_WEAK = YES;
				CLANG_WARN_BLOCK_CAPTURE_AUTORELEASING = YES;
				CLANG_WARN_BOOL_CONVERSION = YES;
				CLANG_WARN_COMMA = YES;
				CLANG_WARN_CONSTANT_CONVERSION = YES;
				CLANG_WARN_DEPRECATED_OBJC_IMPLEMENTATIONS = YES;
				CLANG_WARN_DIRECT_OBJC_ISA_USAGE = YES_ERROR;
				CLANG_WARN_DOCUMENTATION_COMMENTS = YES;
				CLANG_WARN_EMPTY_BODY = YES;
				CLANG_WARN_ENUM_CONVERSION = YES;
				CLANG_WARN_INFINITE_RECURSION = YES;
				CLANG_WARN_INT_CONVERSION = YES;
				CLANG_WARN_NON_LITERAL_NULL_CONVERSION = YES;
				CLANG_WARN_OBJC_IMPLICIT_RETAIN_SELF = YES;
				CLANG_WARN_OBJC_LITERAL_CONVERSION = YES;
				CLANG_WARN_OBJC_ROOT_CLASS = YES_ERROR;
				CLANG_WARN_RANGE_LOOP_ANALYSIS = YES;
				CLANG_WARN_STRICT_PROTOTYPES = YES;
				CLANG_WARN_SUSPICIOUS_MOVE = YES;
				CLANG_WARN_UNGUARDED_AVAILABILITY = YES_AGGRESSIVE;
				CLANG_WARN_UNREACHABLE_CODE = YES;
				CLANG_WARN__DUPLICATE_METHOD_MATCH = YES;
				COPY_PHASE_STRIP = NO;
				CURRENT_PROJECT_VERSION = 1;
				DEBUG_INFORMATION_FORMAT = "dwarf-with-dsym";
				ENABLE_NS_ASSERTIONS = NO;
				ENABLE_STRICT_OBJC_MSGSEND = YES;
				GCC_C_LANGUAGE_STANDARD = gnu11;
				GCC_NO_COMMON_BLOCKS = YES;
				GCC_WARN_64_TO_32_BIT_CONVERSION = YES;
				GCC_WARN_ABOUT_RETURN_TYPE = YES_ERROR;
				GCC_WARN_UNDECLARED_SELECTOR = YES;
				GCC_WARN_UNINITIALIZED_AUTOS = YES_AGGRESSIVE;
				GCC_WARN_UNUSED_FUNCTION = YES;
				GCC_WARN_UNUSED_VARIABLE = YES;
				IPHONEOS_DEPLOYMENT_TARGET = 8.0;
				MTL_ENABLE_DEBUG_INFO = NO;
				MTL_FAST_MATH = YES;
				SDKROOT = iphoneos;
				VALIDATE_PRODUCT = YES;
				VERSIONING_SYSTEM = "apple-generic";
				VERSION_INFO_PREFIX = "";
			};
			name = Release;
		};
		0BE87622247FCAD70000B569 /* Debug */ = {
			isa = XCBuildConfiguration;
			buildSettings = {
				CODE_SIGN_STYLE = Automatic;
				DEAD_CODE_STRIPPING = NO;
				DEFINES_MODULE = YES;
				DYLIB_COMPATIBILITY_VERSION = "";
				DYLIB_CURRENT_VERSION = "";
				DYLIB_INSTALL_NAME_BASE = "";
				GCC_PREFIX_HEADER = O2SPushKit/O2SPushPrefixHeader.pch;
				INFOPLIST_FILE = O2SPushKit/Info.plist;
				INSTALL_PATH = "$(LOCAL_LIBRARY_DIR)/Frameworks";
				IPHONEOS_DEPLOYMENT_TARGET = 8.0;
				LD_DYLIB_INSTALL_NAME = "";
				LD_RUNPATH_SEARCH_PATHS = "";
				LINK_WITH_STANDARD_LIBRARIES = NO;
				MACH_O_TYPE = mh_object;
				PRODUCT_BUNDLE_IDENTIFIER = com.O2Space.O2SPushKit;
				PRODUCT_NAME = "$(TARGET_NAME:c99extidentifier)";
				SKIP_INSTALL = YES;
				TARGETED_DEVICE_FAMILY = "1,2";
			};
			name = Debug;
		};
		0BE87623247FCAD70000B569 /* Release */ = {
			isa = XCBuildConfiguration;
			buildSettings = {
				CODE_SIGN_STYLE = Automatic;
				DEAD_CODE_STRIPPING = NO;
				DEFINES_MODULE = YES;
				DYLIB_COMPATIBILITY_VERSION = "";
				DYLIB_CURRENT_VERSION = "";
				DYLIB_INSTALL_NAME_BASE = "";
				GCC_PREFIX_HEADER = O2SPushKit/O2SPushPrefixHeader.pch;
				INFOPLIST_FILE = O2SPushKit/Info.plist;
				INSTALL_PATH = "$(LOCAL_LIBRARY_DIR)/Frameworks";
				IPHONEOS_DEPLOYMENT_TARGET = 8.0;
				LD_DYLIB_INSTALL_NAME = "";
				LD_RUNPATH_SEARCH_PATHS = "";
				LINK_WITH_STANDARD_LIBRARIES = NO;
				MACH_O_TYPE = mh_object;
				PRODUCT_BUNDLE_IDENTIFIER = com.O2Space.O2SPushKit;
				PRODUCT_NAME = "$(TARGET_NAME:c99extidentifier)";
				SKIP_INSTALL = YES;
				TARGETED_DEVICE_FAMILY = "1,2";
			};
			name = Release;
		};
		0BE8768B2484DCD40000B569 /* Debug */ = {
			isa = XCBuildConfiguration;
			buildSettings = {
				CODE_SIGN_STYLE = Automatic;
				PRODUCT_NAME = "$(TARGET_NAME)";
			};
			name = Debug;
		};
		0BE8768C2484DCD40000B569 /* Release */ = {
			isa = XCBuildConfiguration;
			buildSettings = {
				CODE_SIGN_STYLE = Automatic;
				PRODUCT_NAME = "$(TARGET_NAME)";
			};
			name = Release;
		};
/* End XCBuildConfiguration section */

/* Begin XCConfigurationList section */
		0BE87613247FCAD70000B569 /* Build configuration list for PBXProject "O2SPushKit" */ = {
			isa = XCConfigurationList;
			buildConfigurations = (
				0BE8761F247FCAD70000B569 /* Debug */,
				0BE87620247FCAD70000B569 /* Release */,
			);
			defaultConfigurationIsVisible = 0;
			defaultConfigurationName = Release;
		};
		0BE87621247FCAD70000B569 /* Build configuration list for PBXNativeTarget "O2SPushKit" */ = {
			isa = XCConfigurationList;
			buildConfigurations = (
				0BE87622247FCAD70000B569 /* Debug */,
				0BE87623247FCAD70000B569 /* Release */,
			);
			defaultConfigurationIsVisible = 0;
			defaultConfigurationName = Release;
		};
		0BE8768A2484DCD40000B569 /* Build configuration list for PBXAggregateTarget "O2SPushKit_CreatePackage" */ = {
			isa = XCConfigurationList;
			buildConfigurations = (
				0BE8768B2484DCD40000B569 /* Debug */,
				0BE8768C2484DCD40000B569 /* Release */,
			);
			defaultConfigurationIsVisible = 0;
			defaultConfigurationName = Release;
		};
/* End XCConfigurationList section */
	};
	rootObject = 0BE87610247FCAD70000B569 /* Project object */;
}
